
Microsoft Visual Studio Solution File, Format Version 12.00
# Visual Studio 14
VisualStudioVersion = 14.0.23107.0
MinimumVisualStudioVersion = 10.0.40219.1
Project("{FAE04EC0-301F-11D3-BF4B-00C04F79EFBC}") = "MyMediaPlayer", "MyMediaPlayer\MyMediaPlayer.csproj", "{08E461C2-2890-4379-AFF9-900F1B0F3523}"
EndProject
Global
	GlobalSection(SolutionConfigurationPlatforms) = preSolution
		Debug|Any CPU = Debug|Any CPU
		Release|Any CPU = Release|Any CPU
	EndGlobalSection
	GlobalSection(ProjectConfigurationPlatforms) = postSolution
		{08E461C2-2890-4379-AFF9-900F1B0F3523}.Debug|Any CPU.ActiveCfg = Debug|Any CPU
		{08E461C2-2890-4379-AFF9-900F1B0F3523}.Debug|Any CPU.Build.0 = Debug|Any CPU
		{08E461C2-2890-4379-AFF9-900F1B0F3523}.Release|Any CPU.ActiveCfg = Release|Any CPU
		{08E461C2-2890-4379-AFF9-900F1B0F3523}.Release|Any CPU.Build.0 = Release|Any CPU
	EndGlobalSection
	GlobalSection(SolutionProperties) = preSolution
		HideSolutionNode = FALSE
	EndGlobalSection
EndGlobal
